
Microsoft Visual Studio Solution File, Format Version 12.00
# Visual Studio Version 17
VisualStudioVersion = 17.13.35919.96
MinimumVisualStudioVersion = 10.0.40219.1
Project("{FAE04EC0-301F-11D3-BF4B-00C04F79EFBC}") = "MusicStore.Domain", "Domain\MusicStore.Domain.csproj", "{F3CEB7F2-F710-49A0-B2F1-CB35A0A93852}"
EndProject
Project("{FAE04EC0-301F-11D3-BF4B-00C04F79EFBC}") = "MusicStore.Application", "MusicStore.Application\MusicStore.Application.csproj", "{4DA31165-9DA0-4B89-84D9-20957063423D}"
EndProject
Project("{FAE04EC0-301F-11D3-BF4B-00C04F79EFBC}") = "MusicStore.Infrastructure", "MusicStore.Infrastructure\MusicStore.Infrastructure.csproj", "{7363863A-A5FA-4F73-84C0-E48ECDD455A2}"
EndProject
Project("{FAE04EC0-301F-11D3-BF4B-00C04F79EFBC}") = "MusicStore.Infrastructure.Migrations", "MusicStore.Infrastructure.Migrations\MusicStore.Infrastructure.Migrations.csproj", "{25671884-1AE8-44D1-AD98-C98098A56BDE}"
EndProject
Project("{FAE04EC0-301F-11D3-BF4B-00C04F79EFBC}") = "MusicStore.Presentation", "MusicStore.API\MusicStore.Presentation.csproj", "{4E6B5D3A-F524-452D-8975-8921E3C49687}"
EndProject
Global
	GlobalSection(SolutionConfigurationPlatforms) = preSolution
		Debug|Any CPU = Debug|Any CPU
		Release|Any CPU = Release|Any CPU
	EndGlobalSection
	GlobalSection(ProjectConfigurationPlatforms) = postSolution
		{F3CEB7F2-F710-49A0-B2F1-CB35A0A93852}.Debug|Any CPU.ActiveCfg = Debug|Any CPU
		{F3CEB7F2-F710-49A0-B2F1-CB35A0A93852}.Debug|Any CPU.Build.0 = Debug|Any CPU
		{F3CEB7F2-F710-49A0-B2F1-CB35A0A93852}.Release|Any CPU.ActiveCfg = Release|Any CPU
		{F3CEB7F2-F710-49A0-B2F1-CB35A0A93852}.Release|Any CPU.Build.0 = Release|Any CPU
		{4DA31165-9DA0-4B89-84D9-20957063423D}.Debug|Any CPU.ActiveCfg = Debug|Any CPU
		{4DA31165-9DA0-4B89-84D9-20957063423D}.Debug|Any CPU.Build.0 = Debug|Any CPU
		{4DA31165-9DA0-4B89-84D9-20957063423D}.Release|Any CPU.ActiveCfg = Release|Any CPU
		{4DA31165-9DA0-4B89-84D9-20957063423D}.Release|Any CPU.Build.0 = Release|Any CPU
		{7363863A-A5FA-4F73-84C0-E48ECDD455A2}.Debug|Any CPU.ActiveCfg = Debug|Any CPU
		{7363863A-A5FA-4F73-84C0-E48ECDD455A2}.Debug|Any CPU.Build.0 = Debug|Any CPU
		{7363863A-A5FA-4F73-84C0-E48ECDD455A2}.Release|Any CPU.ActiveCfg = Release|Any CPU
		{7363863A-A5FA-4F73-84C0-E48ECDD455A2}.Release|Any CPU.Build.0 = Release|Any CPU
		{25671884-1AE8-44D1-AD98-C98098A56BDE}.Debug|Any CPU.ActiveCfg = Debug|Any CPU
		{25671884-1AE8-44D1-AD98-C98098A56BDE}.Debug|Any CPU.Build.0 = Debug|Any CPU
		{25671884-1AE8-44D1-AD98-C98098A56BDE}.Release|Any CPU.ActiveCfg = Release|Any CPU
		{25671884-1AE8-44D1-AD98-C98098A56BDE}.Release|Any CPU.Build.0 = Release|Any CPU
		{4E6B5D3A-F524-452D-8975-8921E3C49687}.Debug|Any CPU.ActiveCfg = Debug|Any CPU
		{4E6B5D3A-F524-452D-8975-8921E3C49687}.Debug|Any CPU.Build.0 = Debug|Any CPU
		{4E6B5D3A-F524-452D-8975-8921E3C49687}.Release|Any CPU.ActiveCfg = Release|Any CPU
		{4E6B5D3A-F524-452D-8975-8921E3C49687}.Release|Any CPU.Build.0 = Release|Any CPU
	EndGlobalSection
	GlobalSection(SolutionProperties) = preSolution
		HideSolutionNode = FALSE
	EndGlobalSection
	GlobalSection(ExtensibilityGlobals) = postSolution
		SolutionGuid = {9C75FC58-9BAD-4CB4-9DBB-504C1BC93869}
	EndGlobalSection
EndGlobal
